// !$*UTF8*$!
{
	archiveVersion = 1;
	classes = {
	};
	objectVersion = 50;
	objects = {

/* Begin PBXBuildFile section */
		EE54BFC427B36BFD004D70C6 /* Configuration.plist in Resources */ = {isa = PBXBuildFile; fileRef = EE54BFC327B36BFD004D70C6 /* Configuration.plist */; };
		EE54BFC627B36DC4004D70C6 /* Configuration.swift in Sources */ = {isa = PBXBuildFile; fileRef = EE54BFC527B36DC4004D70C6 /* Configuration.swift */; };
		EE54BFC827B36EA2004D70C6 /* Constants.swift in Sources */ = {isa = PBXBuildFile; fileRef = EE54BFC727B36EA2004D70C6 /* Constants.swift */; };
		EE54BFCA27B376AB004D70C6 /* MarvelCharacterListTestCase.swift in Sources */ = {isa = PBXBuildFile; fileRef = EE54BFC927B376AB004D70C6 /* MarvelCharacterListTestCase.swift */; };
		EE56DF9627B29256004993DE /* AppDelegate.swift in Sources */ = {isa = PBXBuildFile; fileRef = EE56DF9527B29256004993DE /* AppDelegate.swift */; };
		EE56DF9B27B29256004993DE /* Main.storyboard in Resources */ = {isa = PBXBuildFile; fileRef = EE56DF9927B29256004993DE /* Main.storyboard */; };
		EE56DF9D27B29259004993DE /* Assets.xcassets in Resources */ = {isa = PBXBuildFile; fileRef = EE56DF9C27B29259004993DE /* Assets.xcassets */; };
		EE56DFA027B29259004993DE /* LaunchScreen.storyboard in Resources */ = {isa = PBXBuildFile; fileRef = EE56DF9E27B29259004993DE /* LaunchScreen.storyboard */; };
		EE56DFAB27B29259004993DE /* OpenBank_AssignmentTests.swift in Sources */ = {isa = PBXBuildFile; fileRef = EE56DFAA27B29259004993DE /* OpenBank_AssignmentTests.swift */; };
		EE56DFB627B2A05A004993DE /* MarvelCharacterListViewController.swift in Sources */ = {isa = PBXBuildFile; fileRef = EE56DFB527B2A05A004993DE /* MarvelCharacterListViewController.swift */; };
		EE56DFB827B2A06E004993DE /* MarvelcharacterDetailsViewController.swift in Sources */ = {isa = PBXBuildFile; fileRef = EE56DFB727B2A06E004993DE /* MarvelcharacterDetailsViewController.swift */; };
		EE56DFC127B2A5E0004993DE /* ActivityIndicatorView.swift in Sources */ = {isa = PBXBuildFile; fileRef = EE56DFC027B2A5E0004993DE /* ActivityIndicatorView.swift */; };
		EE56DFC327B2A68B004993DE /* AlertView.swift in Sources */ = {isa = PBXBuildFile; fileRef = EE56DFC227B2A68B004993DE /* AlertView.swift */; };
		EE56DFC527B2A6C7004993DE /* APIClass.swift in Sources */ = {isa = PBXBuildFile; fileRef = EE56DFC427B2A6C7004993DE /* APIClass.swift */; };
		EE56DFC727B2A74C004993DE /* CharacterResponse.swift in Sources */ = {isa = PBXBuildFile; fileRef = EE56DFC627B2A74C004993DE /* CharacterResponse.swift */; };
		EE56DFC927B2AB26004993DE /* CharacterRespository.swift in Sources */ = {isa = PBXBuildFile; fileRef = EE56DFC827B2AB26004993DE /* CharacterRespository.swift */; };
		EE56DFCD27B2ABB8004993DE /* CharacterRequest.swift in Sources */ = {isa = PBXBuildFile; fileRef = EE56DFCC27B2ABB8004993DE /* CharacterRequest.swift */; };
		EE56DFD127B2AF4B004993DE /* ReachabilityHandler.swift in Sources */ = {isa = PBXBuildFile; fileRef = EE56DFD027B2AF4B004993DE /* ReachabilityHandler.swift */; };
		EE56DFD527B2B675004993DE /* CharacterTableViewCell.swift in Sources */ = {isa = PBXBuildFile; fileRef = EE56DFD427B2B675004993DE /* CharacterTableViewCell.swift */; };
		EE56DFD727B2B7FA004993DE /* CharacterViewModel.swift in Sources */ = {isa = PBXBuildFile; fileRef = EE56DFD627B2B7FA004993DE /* CharacterViewModel.swift */; };
		EE56DFD927B2BBFF004993DE /* CharacterView.swift in Sources */ = {isa = PBXBuildFile; fileRef = EE56DFD827B2BBFF004993DE /* CharacterView.swift */; };
		EE60C2A027B4C0D700AF0F31 /* CharacterRequestTestCase.swift in Sources */ = {isa = PBXBuildFile; fileRef = EE60C29F27B4C0D700AF0F31 /* CharacterRequestTestCase.swift */; };
		EE60C2A327B4C54800AF0F31 /* CharacterRespositoryTestCase.swift in Sources */ = {isa = PBXBuildFile; fileRef = EE60C2A227B4C54800AF0F31 /* CharacterRespositoryTestCase.swift */; };
		EE60C2A627B4CF2D00AF0F31 /* APIClassTestCase.swift in Sources */ = {isa = PBXBuildFile; fileRef = EE60C2A527B4CF2D00AF0F31 /* APIClassTestCase.swift */; };
		EE60C2A827B4DFE400AF0F31 /* CharacterImageView.swift in Sources */ = {isa = PBXBuildFile; fileRef = EE60C2A727B4DFE400AF0F31 /* CharacterImageView.swift */; };
		EE60C2AA27B4EA3800AF0F31 /* CharacterResponseTestCase.swift in Sources */ = {isa = PBXBuildFile; fileRef = EE60C2A927B4EA3800AF0F31 /* CharacterResponseTestCase.swift */; };
		EEB3A20C27B3A34A00AD19E6 /* CharacterDetailsViewModel.swift in Sources */ = {isa = PBXBuildFile; fileRef = EEB3A20B27B3A34A00AD19E6 /* CharacterDetailsViewModel.swift */; };
		EEDA5D0327B50CBB00F8110E /* CharacterViewModelTestCase.swift in Sources */ = {isa = PBXBuildFile; fileRef = EEDA5D0227B50CBB00F8110E /* CharacterViewModelTestCase.swift */; };
		EEDA5D0827B5217B00F8110E /* CharacterDetailsViewModelTestCase.swift in Sources */ = {isa = PBXBuildFile; fileRef = EEDA5D0727B5217B00F8110E /* CharacterDetailsViewModelTestCase.swift */; };
		EEDA5D1227B5500700F8110E /* Character.json in Resources */ = {isa = PBXBuildFile; fileRef = EEDA5D1127B5500700F8110E /* Character.json */; };
/* End PBXBuildFile section */

/* Begin PBXContainerItemProxy section */
		EE56DFA727B29259004993DE /* PBXContainerItemProxy */ = {
			isa = PBXContainerItemProxy;
			containerPortal = EE56DF8A27B29256004993DE /* Project object */;
			proxyType = 1;
			remoteGlobalIDString = EE56DF9127B29256004993DE;
			remoteInfo = OpenBank_Assignment;
		};
/* End PBXContainerItemProxy section */

/* Begin PBXFileReference section */
		EE54BFC327B36BFD004D70C6 /* Configuration.plist */ = {isa = PBXFileReference; lastKnownFileType = text.plist.xml; path = Configuration.plist; sourceTree = "<group>"; };
		EE54BFC527B36DC4004D70C6 /* Configuration.swift */ = {isa = PBXFileReference; lastKnownFileType = sourcecode.swift; path = Configuration.swift; sourceTree = "<group>"; };
		EE54BFC727B36EA2004D70C6 /* Constants.swift */ = {isa = PBXFileReference; lastKnownFileType = sourcecode.swift; path = Constants.swift; sourceTree = "<group>"; };
		EE54BFC927B376AB004D70C6 /* MarvelCharacterListTestCase.swift */ = {isa = PBXFileReference; lastKnownFileType = sourcecode.swift; path = MarvelCharacterListTestCase.swift; sourceTree = "<group>"; };
		EE56DF9227B29256004993DE /* OpenBank_Assignment.app */ = {isa = PBXFileReference; explicitFileType = wrapper.application; includeInIndex = 0; path = OpenBank_Assignment.app; sourceTree = BUILT_PRODUCTS_DIR; };
		EE56DF9527B29256004993DE /* AppDelegate.swift */ = {isa = PBXFileReference; lastKnownFileType = sourcecode.swift; path = AppDelegate.swift; sourceTree = "<group>"; };
		EE56DF9A27B29256004993DE /* Base */ = {isa = PBXFileReference; lastKnownFileType = file.storyboard; name = Base; path = Base.lproj/Main.storyboard; sourceTree = "<group>"; };
		EE56DF9C27B29259004993DE /* Assets.xcassets */ = {isa = PBXFileReference; lastKnownFileType = folder.assetcatalog; path = Assets.xcassets; sourceTree = "<group>"; };
		EE56DF9F27B29259004993DE /* Base */ = {isa = PBXFileReference; lastKnownFileType = file.storyboard; name = Base; path = Base.lproj/LaunchScreen.storyboard; sourceTree = "<group>"; };
		EE56DFA127B29259004993DE /* Info.plist */ = {isa = PBXFileReference; lastKnownFileType = text.plist.xml; path = Info.plist; sourceTree = "<group>"; };
		EE56DFA627B29259004993DE /* OpenBank_AssignmentTests.xctest */ = {isa = PBXFileReference; explicitFileType = wrapper.cfbundle; includeInIndex = 0; path = OpenBank_AssignmentTests.xctest; sourceTree = BUILT_PRODUCTS_DIR; };
		EE56DFAA27B29259004993DE /* OpenBank_AssignmentTests.swift */ = {isa = PBXFileReference; lastKnownFileType = sourcecode.swift; path = OpenBank_AssignmentTests.swift; sourceTree = "<group>"; };
		EE56DFAC27B29259004993DE /* Info.plist */ = {isa = PBXFileReference; lastKnownFileType = text.plist.xml; path = Info.plist; sourceTree = "<group>"; };
		EE56DFB527B2A05A004993DE /* MarvelCharacterListViewController.swift */ = {isa = PBXFileReference; lastKnownFileType = sourcecode.swift; path = MarvelCharacterListViewController.swift; sourceTree = "<group>"; };
		EE56DFB727B2A06E004993DE /* MarvelcharacterDetailsViewController.swift */ = {isa = PBXFileReference; lastKnownFileType = sourcecode.swift; path = MarvelcharacterDetailsViewController.swift; sourceTree = "<group>"; };
		EE56DFC027B2A5E0004993DE /* ActivityIndicatorView.swift */ = {isa = PBXFileReference; lastKnownFileType = sourcecode.swift; path = ActivityIndicatorView.swift; sourceTree = "<group>"; };
		EE56DFC227B2A68B004993DE /* AlertView.swift */ = {isa = PBXFileReference; lastKnownFileType = sourcecode.swift; path = AlertView.swift; sourceTree = "<group>"; };
		EE56DFC427B2A6C7004993DE /* APIClass.swift */ = {isa = PBXFileReference; lastKnownFileType = sourcecode.swift; path = APIClass.swift; sourceTree = "<group>"; };
		EE56DFC627B2A74C004993DE /* CharacterResponse.swift */ = {isa = PBXFileReference; lastKnownFileType = sourcecode.swift; path = CharacterResponse.swift; sourceTree = "<group>"; };
		EE56DFC827B2AB26004993DE /* CharacterRespository.swift */ = {isa = PBXFileReference; lastKnownFileType = sourcecode.swift; path = CharacterRespository.swift; sourceTree = "<group>"; };
		EE56DFCC27B2ABB8004993DE /* CharacterRequest.swift */ = {isa = PBXFileReference; lastKnownFileType = sourcecode.swift; path = CharacterRequest.swift; sourceTree = "<group>"; };
		EE56DFD027B2AF4B004993DE /* ReachabilityHandler.swift */ = {isa = PBXFileReference; lastKnownFileType = sourcecode.swift; path = ReachabilityHandler.swift; sourceTree = "<group>"; };
		EE56DFD427B2B675004993DE /* CharacterTableViewCell.swift */ = {isa = PBXFileReference; lastKnownFileType = sourcecode.swift; path = CharacterTableViewCell.swift; sourceTree = "<group>"; };
		EE56DFD627B2B7FA004993DE /* CharacterViewModel.swift */ = {isa = PBXFileReference; lastKnownFileType = sourcecode.swift; path = CharacterViewModel.swift; sourceTree = "<group>"; };
		EE56DFD827B2BBFF004993DE /* CharacterView.swift */ = {isa = PBXFileReference; lastKnownFileType = sourcecode.swift; path = CharacterView.swift; sourceTree = "<group>"; };
		EE60C29F27B4C0D700AF0F31 /* CharacterRequestTestCase.swift */ = {isa = PBXFileReference; lastKnownFileType = sourcecode.swift; path = CharacterRequestTestCase.swift; sourceTree = "<group>"; };
		EE60C2A227B4C54800AF0F31 /* CharacterRespositoryTestCase.swift */ = {isa = PBXFileReference; lastKnownFileType = sourcecode.swift; path = CharacterRespositoryTestCase.swift; sourceTree = "<group>"; };
		EE60C2A527B4CF2D00AF0F31 /* APIClassTestCase.swift */ = {isa = PBXFileReference; lastKnownFileType = sourcecode.swift; path = APIClassTestCase.swift; sourceTree = "<group>"; };
		EE60C2A727B4DFE400AF0F31 /* CharacterImageView.swift */ = {isa = PBXFileReference; lastKnownFileType = sourcecode.swift; path = CharacterImageView.swift; sourceTree = "<group>"; };
		EE60C2A927B4EA3800AF0F31 /* CharacterResponseTestCase.swift */ = {isa = PBXFileReference; lastKnownFileType = sourcecode.swift; path = CharacterResponseTestCase.swift; sourceTree = "<group>"; };
		EEB3A20B27B3A34A00AD19E6 /* CharacterDetailsViewModel.swift */ = {isa = PBXFileReference; lastKnownFileType = sourcecode.swift; path = CharacterDetailsViewModel.swift; sourceTree = "<group>"; };
		EEDA5D0227B50CBB00F8110E /* CharacterViewModelTestCase.swift */ = {isa = PBXFileReference; lastKnownFileType = sourcecode.swift; path = CharacterViewModelTestCase.swift; sourceTree = "<group>"; };
		EEDA5D0727B5217B00F8110E /* CharacterDetailsViewModelTestCase.swift */ = {isa = PBXFileReference; lastKnownFileType = sourcecode.swift; path = CharacterDetailsViewModelTestCase.swift; sourceTree = "<group>"; };
		EEDA5D1127B5500700F8110E /* Character.json */ = {isa = PBXFileReference; fileEncoding = 4; lastKnownFileType = text.json; path = Character.json; sourceTree = "<group>"; };
/* End PBXFileReference section */

/* Begin PBXFrameworksBuildPhase section */
		EE56DF8F27B29256004993DE /* Frameworks */ = {
			isa = PBXFrameworksBuildPhase;
			buildActionMask = 2147483647;
			files = (
			);
			runOnlyForDeploymentPostprocessing = 0;
		};
		EE56DFA327B29259004993DE /* Frameworks */ = {
			isa = PBXFrameworksBuildPhase;
			buildActionMask = 2147483647;
			files = (
			);
			runOnlyForDeploymentPostprocessing = 0;
		};
/* End PBXFrameworksBuildPhase section */

/* Begin PBXGroup section */
		EE54BFC227B36303004D70C6 /* Common */ = {
			isa = PBXGroup;
			children = (
				EE56DFD027B2AF4B004993DE /* ReachabilityHandler.swift */,
				EE56DFC027B2A5E0004993DE /* ActivityIndicatorView.swift */,
				EE56DFC227B2A68B004993DE /* AlertView.swift */,
				EE56DFD827B2BBFF004993DE /* CharacterView.swift */,
				EE54BFC527B36DC4004D70C6 /* Configuration.swift */,
				EE54BFC727B36EA2004D70C6 /* Constants.swift */,
				EE60C2A727B4DFE400AF0F31 /* CharacterImageView.swift */,
			);
			path = Common;
			sourceTree = "<group>";
		};
		EE56DF8927B29256004993DE = {
			isa = PBXGroup;
			children = (
				EE56DF9427B29256004993DE /* OpenBank_Assignment */,
				EE56DFA927B29259004993DE /* OpenBank_AssignmentTests */,
				EE56DF9327B29256004993DE /* Products */,
			);
			sourceTree = "<group>";
		};
		EE56DF9327B29256004993DE /* Products */ = {
			isa = PBXGroup;
			children = (
				EE56DF9227B29256004993DE /* OpenBank_Assignment.app */,
				EE56DFA627B29259004993DE /* OpenBank_AssignmentTests.xctest */,
			);
			name = Products;
			sourceTree = "<group>";
		};
		EE56DF9427B29256004993DE /* OpenBank_Assignment */ = {
			isa = PBXGroup;
			children = (
				EE54BFC227B36303004D70C6 /* Common */,
				EE56DFBD27B2A230004993DE /* ViewModel */,
				EE56DFBC27B2A1CE004993DE /* Respository */,
				EE56DFBB27B2A1C4004993DE /* Model */,
				EE56DFBA27B2A1BC004993DE /* View */,
				EE56DFB927B2A17C004993DE /* APIClient */,
				EE56DF9527B29256004993DE /* AppDelegate.swift */,
				EE56DF9927B29256004993DE /* Main.storyboard */,
				EE56DF9C27B29259004993DE /* Assets.xcassets */,
				EE56DF9E27B29259004993DE /* LaunchScreen.storyboard */,
				EE56DFA127B29259004993DE /* Info.plist */,
				EE54BFC327B36BFD004D70C6 /* Configuration.plist */,
			);
			path = OpenBank_Assignment;
			sourceTree = "<group>";
		};
		EE56DFA927B29259004993DE /* OpenBank_AssignmentTests */ = {
			isa = PBXGroup;
			children = (
				EE60C2A427B4CF0A00AF0F31 /* APIClient */,
				EE60C2A127B4C51F00AF0F31 /* Respository */,
				EE60C29E27B4C0AF00AF0F31 /* Model */,
				EE60C29D27B4C0A000AF0F31 /* View */,
				EE56DFAA27B29259004993DE /* OpenBank_AssignmentTests.swift */,
				EE56DFAC27B29259004993DE /* Info.plist */,
				EEDA5D0227B50CBB00F8110E /* CharacterViewModelTestCase.swift */,
				EEDA5D0727B5217B00F8110E /* CharacterDetailsViewModelTestCase.swift */,
			);
			path = OpenBank_AssignmentTests;
			sourceTree = "<group>";
		};
		EE56DFB927B2A17C004993DE /* APIClient */ = {
			isa = PBXGroup;
			children = (
				EE56DFC427B2A6C7004993DE /* APIClass.swift */,
			);
			path = APIClient;
			sourceTree = "<group>";
		};
		EE56DFBA27B2A1BC004993DE /* View */ = {
			isa = PBXGroup;
			children = (
				EE56DFB527B2A05A004993DE /* MarvelCharacterListViewController.swift */,
				EE56DFB727B2A06E004993DE /* MarvelcharacterDetailsViewController.swift */,
				EE56DFD427B2B675004993DE /* CharacterTableViewCell.swift */,
			);
			path = View;
			sourceTree = "<group>";
		};
		EE56DFBB27B2A1C4004993DE /* Model */ = {
			isa = PBXGroup;
			children = (
				EE56DFC627B2A74C004993DE /* CharacterResponse.swift */,
				EE56DFCC27B2ABB8004993DE /* CharacterRequest.swift */,
			);
			path = Model;
			sourceTree = "<group>";
		};
		EE56DFBC27B2A1CE004993DE /* Respository */ = {
			isa = PBXGroup;
			children = (
				EE56DFC827B2AB26004993DE /* CharacterRespository.swift */,
			);
			path = Respository;
			sourceTree = "<group>";
		};
		EE56DFBD27B2A230004993DE /* ViewModel */ = {
			isa = PBXGroup;
			children = (
				EE56DFD627B2B7FA004993DE /* CharacterViewModel.swift */,
				EEB3A20B27B3A34A00AD19E6 /* CharacterDetailsViewModel.swift */,
			);
			path = ViewModel;
			sourceTree = "<group>";
		};
		EE60C29D27B4C0A000AF0F31 /* View */ = {
			isa = PBXGroup;
			children = (
				EE54BFC927B376AB004D70C6 /* MarvelCharacterListTestCase.swift */,
			);
			path = View;
			sourceTree = "<group>";
		};
		EE60C29E27B4C0AF00AF0F31 /* Model */ = {
			isa = PBXGroup;
			children = (
				EEDA5D1127B5500700F8110E /* Character.json */,
				EE60C29F27B4C0D700AF0F31 /* CharacterRequestTestCase.swift */,
				EE60C2A927B4EA3800AF0F31 /* CharacterResponseTestCase.swift */,
			);
			path = Model;
			sourceTree = "<group>";
		};
		EE60C2A127B4C51F00AF0F31 /* Respository */ = {
			isa = PBXGroup;
			children = (
				EE60C2A227B4C54800AF0F31 /* CharacterRespositoryTestCase.swift */,
			);
			path = Respository;
			sourceTree = "<group>";
		};
		EE60C2A427B4CF0A00AF0F31 /* APIClient */ = {
			isa = PBXGroup;
			children = (
				EE60C2A527B4CF2D00AF0F31 /* APIClassTestCase.swift */,
			);
			path = APIClient;
			sourceTree = "<group>";
		};
/* End PBXGroup section */

/* Begin PBXNativeTarget section */
		EE56DF9127B29256004993DE /* OpenBank_Assignment */ = {
			isa = PBXNativeTarget;
			buildConfigurationList = EE56DFAF27B29259004993DE /* Build configuration list for PBXNativeTarget "OpenBank_Assignment" */;
			buildPhases = (
				EE56DF8E27B29256004993DE /* Sources */,
				EE56DF8F27B29256004993DE /* Frameworks */,
				EE56DF9027B29256004993DE /* Resources */,
			);
			buildRules = (
			);
			dependencies = (
			);
			name = OpenBank_Assignment;
			productName = OpenBank_Assignment;
			productReference = EE56DF9227B29256004993DE /* OpenBank_Assignment.app */;
			productType = "com.apple.product-type.application";
		};
		EE56DFA527B29259004993DE /* OpenBank_AssignmentTests */ = {
			isa = PBXNativeTarget;
			buildConfigurationList = EE56DFB227B29259004993DE /* Build configuration list for PBXNativeTarget "OpenBank_AssignmentTests" */;
			buildPhases = (
				EE56DFA227B29259004993DE /* Sources */,
				EE56DFA327B29259004993DE /* Frameworks */,
				EE56DFA427B29259004993DE /* Resources */,
			);
			buildRules = (
			);
			dependencies = (
				EE56DFA827B29259004993DE /* PBXTargetDependency */,
			);
			name = OpenBank_AssignmentTests;
			productName = OpenBank_AssignmentTests;
			productReference = EE56DFA627B29259004993DE /* OpenBank_AssignmentTests.xctest */;
			productType = "com.apple.product-type.bundle.unit-test";
		};
/* End PBXNativeTarget section */

/* Begin PBXProject section */
		EE56DF8A27B29256004993DE /* Project object */ = {
			isa = PBXProject;
			attributes = {
				LastSwiftUpdateCheck = 1010;
				LastUpgradeCheck = 1010;
				ORGANIZATIONNAME = "Piyush Daryapurkar";
				TargetAttributes = {
					EE56DF9127B29256004993DE = {
						CreatedOnToolsVersion = 10.1;
					};
					EE56DFA527B29259004993DE = {
						CreatedOnToolsVersion = 10.1;
						TestTargetID = EE56DF9127B29256004993DE;
					};
				};
			};
			buildConfigurationList = EE56DF8D27B29256004993DE /* Build configuration list for PBXProject "OpenBank_Assignment" */;
			compatibilityVersion = "Xcode 9.3";
			developmentRegion = en;
			hasScannedForEncodings = 0;
			knownRegions = (
				en,
				Base,
			);
			mainGroup = EE56DF8927B29256004993DE;
			productRefGroup = EE56DF9327B29256004993DE /* Products */;
			projectDirPath = "";
			projectRoot = "";
			targets = (
				EE56DF9127B29256004993DE /* OpenBank_Assignment */,
				EE56DFA527B29259004993DE /* OpenBank_AssignmentTests */,
			);
		};
/* End PBXProject section */

/* Begin PBXResourcesBuildPhase section */
		EE56DF9027B29256004993DE /* Resources */ = {
			isa = PBXResourcesBuildPhase;
			buildActionMask = 2147483647;
			files = (
				EE54BFC427B36BFD004D70C6 /* Configuration.plist in Resources */,
				EE56DFA027B29259004993DE /* LaunchScreen.storyboard in Resources */,
				EE56DF9D27B29259004993DE /* Assets.xcassets in Resources */,
				EE56DF9B27B29256004993DE /* Main.storyboard in Resources */,
			);
			runOnlyForDeploymentPostprocessing = 0;
		};
		EE56DFA427B29259004993DE /* Resources */ = {
			isa = PBXResourcesBuildPhase;
			buildActionMask = 2147483647;
			files = (
				EEDA5D1227B5500700F8110E /* Character.json in Resources */,
			);
			runOnlyForDeploymentPostprocessing = 0;
		};
/* End PBXResourcesBuildPhase section */

/* Begin PBXSourcesBuildPhase section */
		EE56DF8E27B29256004993DE /* Sources */ = {
			isa = PBXSourcesBuildPhase;
			buildActionMask = 2147483647;
			files = (
				EE56DFD527B2B675004993DE /* CharacterTableViewCell.swift in Sources */,
				EE56DFC527B2A6C7004993DE /* APIClass.swift in Sources */,
				EEB3A20C27B3A34A00AD19E6 /* CharacterDetailsViewModel.swift in Sources */,
				EE56DF9627B29256004993DE /* AppDelegate.swift in Sources */,
				EE56DFD127B2AF4B004993DE /* ReachabilityHandler.swift in Sources */,
				EE56DFC127B2A5E0004993DE /* ActivityIndicatorView.swift in Sources */,
				EE54BFC627B36DC4004D70C6 /* Configuration.swift in Sources */,
				EE54BFC827B36EA2004D70C6 /* Constants.swift in Sources */,
				EE56DFD927B2BBFF004993DE /* CharacterView.swift in Sources */,
				EE56DFC327B2A68B004993DE /* AlertView.swift in Sources */,
				EE56DFC927B2AB26004993DE /* CharacterRespository.swift in Sources */,
				EE56DFD727B2B7FA004993DE /* CharacterViewModel.swift in Sources */,
				EE56DFB627B2A05A004993DE /* MarvelCharacterListViewController.swift in Sources */,
				EE56DFB827B2A06E004993DE /* MarvelcharacterDetailsViewController.swift in Sources */,
				EE56DFCD27B2ABB8004993DE /* CharacterRequest.swift in Sources */,
				EE56DFC727B2A74C004993DE /* CharacterResponse.swift in Sources */,
				EE60C2A827B4DFE400AF0F31 /* CharacterImageView.swift in Sources */,
			);
			runOnlyForDeploymentPostprocessing = 0;
		};
		EE56DFA227B29259004993DE /* Sources */ = {
			isa = PBXSourcesBuildPhase;
			buildActionMask = 2147483647;
			files = (
				EE60C2A627B4CF2D00AF0F31 /* APIClassTestCase.swift in Sources */,
				EEDA5D0327B50CBB00F8110E /* CharacterViewModelTestCase.swift in Sources */,
				EE54BFCA27B376AB004D70C6 /* MarvelCharacterListTestCase.swift in Sources */,
				EE60C2A327B4C54800AF0F31 /* CharacterRespositoryTestCase.swift in Sources */,
				EE56DFAB27B29259004993DE /* OpenBank_AssignmentTests.swift in Sources */,
				EEDA5D0827B5217B00F8110E /* CharacterDetailsViewModelTestCase.swift in Sources */,
				EE60C2AA27B4EA3800AF0F31 /* CharacterResponseTestCase.swift in Sources */,
				EE60C2A027B4C0D700AF0F31 /* CharacterRequestTestCase.swift in Sources */,
			);
			runOnlyForDeploymentPostprocessing = 0;
		};
/* End PBXSourcesBuildPhase section */

/* Begin PBXTargetDependency section */
		EE56DFA827B29259004993DE /* PBXTargetDependency */ = {
			isa = PBXTargetDependency;
			target = EE56DF9127B29256004993DE /* OpenBank_Assignment */;
			targetProxy = EE56DFA727B29259004993DE /* PBXContainerItemProxy */;
		};
/* End PBXTargetDependency section */

/* Begin PBXVariantGroup section */
		EE56DF9927B29256004993DE /* Main.storyboard */ = {
			isa = PBXVariantGroup;
			children = (
				EE56DF9A27B29256004993DE /* Base */,
			);
			name = Main.storyboard;
			sourceTree = "<group>";
		};
		EE56DF9E27B29259004993DE /* LaunchScreen.storyboard */ = {
			isa = PBXVariantGroup;
			children = (
				EE56DF9F27B29259004993DE /* Base */,
			);
			name = LaunchScreen.storyboard;
			sourceTree = "<group>";
		};
/* End PBXVariantGroup section */

/* Begin XCBuildConfiguration section */
		EE56DFAD27B29259004993DE /* Debug */ = {
			isa = XCBuildConfiguration;
			buildSettings = {
				ALWAYS_SEARCH_USER_PATHS = NO;
				CLANG_ANALYZER_NONNULL = YES;
				CLANG_ANALYZER_NUMBER_OBJECT_CONVERSION = YES_AGGRESSIVE;
				CLANG_CXX_LANGUAGE_STANDARD = "gnu++14";
				CLANG_CXX_LIBRARY = "libc++";
				CLANG_ENABLE_MODULES = YES;
				CLANG_ENABLE_OBJC_ARC = YES;
				CLANG_ENABLE_OBJC_WEAK = YES;
				CLANG_WARN_BLOCK_CAPTURE_AUTORELEASING = YES;
				CLANG_WARN_BOOL_CONVERSION = YES;
				CLANG_WARN_COMMA = YES;
				CLANG_WARN_CONSTANT_CONVERSION = YES;
				CLANG_WARN_DEPRECATED_OBJC_IMPLEMENTATIONS = YES;
				CLANG_WARN_DIRECT_OBJC_ISA_USAGE = YES_ERROR;
				CLANG_WARN_DOCUMENTATION_COMMENTS = YES;
				CLANG_WARN_EMPTY_BODY = YES;
				CLANG_WARN_ENUM_CONVERSION = YES;
				CLANG_WARN_INFINITE_RECURSION = YES;
				CLANG_WARN_INT_CONVERSION = YES;
				CLANG_WARN_NON_LITERAL_NULL_CONVERSION = YES;
				CLANG_WARN_OBJC_IMPLICIT_RETAIN_SELF = YES;
				CLANG_WARN_OBJC_LITERAL_CONVERSION = YES;
				CLANG_WARN_OBJC_ROOT_CLASS = YES_ERROR;
				CLANG_WARN_RANGE_LOOP_ANALYSIS = YES;
				CLANG_WARN_STRICT_PROTOTYPES = YES;
				CLANG_WARN_SUSPICIOUS_MOVE = YES;
				CLANG_WARN_UNGUARDED_AVAILABILITY = YES_AGGRESSIVE;
				CLANG_WARN_UNREACHABLE_CODE = YES;
				CLANG_WARN__DUPLICATE_METHOD_MATCH = YES;
				CODE_SIGN_IDENTITY = "iPhone Developer";
				COPY_PHASE_STRIP = NO;
				DEBUG_INFORMATION_FORMAT = dwarf;
				ENABLE_STRICT_OBJC_MSGSEND = YES;
				ENABLE_TESTABILITY = YES;
				GCC_C_LANGUAGE_STANDARD = gnu11;
				GCC_DYNAMIC_NO_PIC = NO;
				GCC_NO_COMMON_BLOCKS = YES;
				GCC_OPTIMIZATION_LEVEL = 0;
				GCC_PREPROCESSOR_DEFINITIONS = (
					"DEBUG=1",
					"$(inherited)",
				);
				GCC_WARN_64_TO_32_BIT_CONVERSION = YES;
				GCC_WARN_ABOUT_RETURN_TYPE = YES_ERROR;
				GCC_WARN_UNDECLARED_SELECTOR = YES;
				GCC_WARN_UNINITIALIZED_AUTOS = YES_AGGRESSIVE;
				GCC_WARN_UNUSED_FUNCTION = YES;
				GCC_WARN_UNUSED_VARIABLE = YES;
				IPHONEOS_DEPLOYMENT_TARGET = 12.1;
				MTL_ENABLE_DEBUG_INFO = INCLUDE_SOURCE;
				MTL_FAST_MATH = YES;
				ONLY_ACTIVE_ARCH = YES;
				SDKROOT = iphoneos;
				SWIFT_ACTIVE_COMPILATION_CONDITIONS = DEBUG;
				SWIFT_OPTIMIZATION_LEVEL = "-Onone";
			};
			name = Debug;
		};
		EE56DFAE27B29259004993DE /* Release */ = {
			isa = XCBuildConfiguration;
			buildSettings = {
				ALWAYS_SEARCH_USER_PATHS = NO;
				CLANG_ANALYZER_NONNULL = YES;
				CLANG_ANALYZER_NUMBER_OBJECT_CONVERSION = YES_AGGRESSIVE;
				CLANG_CXX_LANGUAGE_STANDARD = "gnu++14";
				CLANG_CXX_LIBRARY = "libc++";
				CLANG_ENABLE_MODULES = YES;
				CLANG_ENABLE_OBJC_ARC = YES;
				CLANG_ENABLE_OBJC_WEAK = YES;
				CLANG_WARN_BLOCK_CAPTURE_AUTORELEASING = YES;
				CLANG_WARN_BOOL_CONVERSION = YES;
				CLANG_WARN_COMMA = YES;
				CLANG_WARN_CONSTANT_CONVERSION = YES;
				CLANG_WARN_DEPRECATED_OBJC_IMPLEMENTATIONS = YES;
				CLANG_WARN_DIRECT_OBJC_ISA_USAGE = YES_ERROR;
				CLANG_WARN_DOCUMENTATION_COMMENTS = YES;
				CLANG_WARN_EMPTY_BODY = YES;
				CLANG_WARN_ENUM_CONVERSION = YES;
				CLANG_WARN_INFINITE_RECURSION = YES;
				CLANG_WARN_INT_CONVERSION = YES;
				CLANG_WARN_NON_LITERAL_NULL_CONVERSION = YES;
				CLANG_WARN_OBJC_IMPLICIT_RETAIN_SELF = YES;
				CLANG_WARN_OBJC_LITERAL_CONVERSION = YES;
				CLANG_WARN_OBJC_ROOT_CLASS = YES_ERROR;
				CLANG_WARN_RANGE_LOOP_ANALYSIS = YES;
				CLANG_WARN_STRICT_PROTOTYPES = YES;
				CLANG_WARN_SUSPICIOUS_MOVE = YES;
				CLANG_WARN_UNGUARDED_AVAILABILITY = YES_AGGRESSIVE;
				CLANG_WARN_UNREACHABLE_CODE = YES;
				CLANG_WARN__DUPLICATE_METHOD_MATCH = YES;
				CODE_SIGN_IDENTITY = "iPhone Developer";
				COPY_PHASE_STRIP = NO;
				DEBUG_INFORMATION_FORMAT = "dwarf-with-dsym";
				ENABLE_NS_ASSERTIONS = NO;
				ENABLE_STRICT_OBJC_MSGSEND = YES;
				GCC_C_LANGUAGE_STANDARD = gnu11;
				GCC_NO_COMMON_BLOCKS = YES;
				GCC_WARN_64_TO_32_BIT_CONVERSION = YES;
				GCC_WARN_ABOUT_RETURN_TYPE = YES_ERROR;
				GCC_WARN_UNDECLARED_SELECTOR = YES;
				GCC_WARN_UNINITIALIZED_AUTOS = YES_AGGRESSIVE;
				GCC_WARN_UNUSED_FUNCTION = YES;
				GCC_WARN_UNUSED_VARIABLE = YES;
				IPHONEOS_DEPLOYMENT_TARGET = 12.1;
				MTL_ENABLE_DEBUG_INFO = NO;
				MTL_FAST_MATH = YES;
				SDKROOT = iphoneos;
				SWIFT_COMPILATION_MODE = wholemodule;
				SWIFT_OPTIMIZATION_LEVEL = "-O";
				VALIDATE_PRODUCT = YES;
			};
			name = Release;
		};
		EE56DFB027B29259004993DE /* Debug */ = {
			isa = XCBuildConfiguration;
			buildSettings = {
				ASSETCATALOG_COMPILER_APPICON_NAME = AppIcon;
				CODE_SIGN_STYLE = Automatic;
				INFOPLIST_FILE = OpenBank_Assignment/Info.plist;
				LD_RUNPATH_SEARCH_PATHS = (
					"$(inherited)",
					"@executable_path/Frameworks",
				);
				PRODUCT_BUNDLE_IDENTIFIER = "com.test.OpenBank-Assignment";
				PRODUCT_NAME = "$(TARGET_NAME)";
				SWIFT_VERSION = 4.2;
				TARGETED_DEVICE_FAMILY = "1,2";
			};
			name = Debug;
		};
		EE56DFB127B29259004993DE /* Release */ = {
			isa = XCBuildConfiguration;
			buildSettings = {
				ASSETCATALOG_COMPILER_APPICON_NAME = AppIcon;
				CODE_SIGN_STYLE = Automatic;
				INFOPLIST_FILE = OpenBank_Assignment/Info.plist;
				LD_RUNPATH_SEARCH_PATHS = (
					"$(inherited)",
					"@executable_path/Frameworks",
				);
				PRODUCT_BUNDLE_IDENTIFIER = "com.test.OpenBank-Assignment";
				PRODUCT_NAME = "$(TARGET_NAME)";
				SWIFT_VERSION = 4.2;
				TARGETED_DEVICE_FAMILY = "1,2";
			};
			name = Release;
		};
		EE56DFB327B29259004993DE /* Debug */ = {
			isa = XCBuildConfiguration;
			buildSettings = {
				ALWAYS_EMBED_SWIFT_STANDARD_LIBRARIES = YES;
				BUNDLE_LOADER = "$(TEST_HOST)";
				CODE_SIGN_STYLE = Automatic;
				INFOPLIST_FILE = OpenBank_AssignmentTests/Info.plist;
				LD_RUNPATH_SEARCH_PATHS = (
					"$(inherited)",
					"@executable_path/Frameworks",
					"@loader_path/Frameworks",
				);
				PRODUCT_BUNDLE_IDENTIFIER = "com.test.OpenBank-AssignmentTests";
				PRODUCT_NAME = "$(TARGET_NAME)";
				SWIFT_VERSION = 4.2;
				TARGETED_DEVICE_FAMILY = "1,2";
				TEST_HOST = "$(BUILT_PRODUCTS_DIR)/OpenBank_Assignment.app/OpenBank_Assignment";
			};
			name = Debug;
		};
		EE56DFB427B29259004993DE /* Release */ = {
			isa = XCBuildConfiguration;
			buildSettings = {
				ALWAYS_EMBED_SWIFT_STANDARD_LIBRARIES = YES;
				BUNDLE_LOADER = "$(TEST_HOST)";
				CODE_SIGN_STYLE = Automatic;
				INFOPLIST_FILE = OpenBank_AssignmentTests/Info.plist;
				LD_RUNPATH_SEARCH_PATHS = (
					"$(inherited)",
					"@executable_path/Frameworks",
					"@loader_path/Frameworks",
				);
				PRODUCT_BUNDLE_IDENTIFIER = "com.test.OpenBank-AssignmentTests";
				PRODUCT_NAME = "$(TARGET_NAME)";
				SWIFT_VERSION = 4.2;
				TARGETED_DEVICE_FAMILY = "1,2";
				TEST_HOST = "$(BUILT_PRODUCTS_DIR)/OpenBank_Assignment.app/OpenBank_Assignment";
			};
			name = Release;
		};
/* End XCBuildConfiguration section */

/* Begin XCConfigurationList section */
		EE56DF8D27B29256004993DE /* Build configuration list for PBXProject "OpenBank_Assignment" */ = {
			isa = XCConfigurationList;
			buildConfigurations = (
				EE56DFAD27B29259004993DE /* Debug */,
				EE56DFAE27B29259004993DE /* Release */,
			);
			defaultConfigurationIsVisible = 0;
			defaultConfigurationName = Release;
		};
		EE56DFAF27B29259004993DE /* Build configuration list for PBXNativeTarget "OpenBank_Assignment" */ = {
			isa = XCConfigurationList;
			buildConfigurations = (
				EE56DFB027B29259004993DE /* Debug */,
				EE56DFB127B29259004993DE /* Release */,
			);
			defaultConfigurationIsVisible = 0;
			defaultConfigurationName = Release;
		};
		EE56DFB227B29259004993DE /* Build configuration list for PBXNativeTarget "OpenBank_AssignmentTests" */ = {
			isa = XCConfigurationList;
			buildConfigurations = (
				EE56DFB327B29259004993DE /* Debug */,
				EE56DFB427B29259004993DE /* Release */,
			);
			defaultConfigurationIsVisible = 0;
			defaultConfigurationName = Release;
		};
/* End XCConfigurationList section */
	};
	rootObject = EE56DF8A27B29256004993DE /* Project object */;
}
